
Microsoft Visual Studio Solution File, Format Version 12.00
# Visual Studio Version 17
VisualStudioVersion = 17.13.35919.96 d17.13
MinimumVisualStudioVersion = 10.0.40219.1
Project("{FAE04EC0-301F-11D3-BF4B-00C04F79EFBC}") = "CloudVideoUploader", "CloudVideoUploader.csproj", "{807359FD-5108-41ED-8C2F-4137A33E9C7D}"
EndProject
Global
	GlobalSection(SolutionConfigurationPlatforms) = preSolution
		Debug|Any CPU = Debug|Any CPU
		Release|Any CPU = Release|Any CPU
	EndGlobalSection
	GlobalSection(ProjectConfigurationPlatforms) = postSolution
		{807359FD-5108-41ED-8C2F-4137A33E9C7D}.Debug|Any CPU.ActiveCfg = Debug|Any CPU
		{807359FD-5108-41ED-8C2F-4137A33E9C7D}.Debug|Any CPU.Build.0 = Debug|Any CPU
		{807359FD-5108-41ED-8C2F-4137A33E9C7D}.Release|Any CPU.ActiveCfg = Release|Any CPU
		{807359FD-5108-41ED-8C2F-4137A33E9C7D}.Release|Any CPU.Build.0 = Release|Any CPU
	EndGlobalSection
	GlobalSection(SolutionProperties) = preSolution
		HideSolutionNode = FALSE
	EndGlobalSection
	GlobalSection(ExtensibilityGlobals) = postSolution
		SolutionGuid = {4137A2E6-4470-4C07-813B-377DBFB27D51}
	EndGlobalSection
EndGlobal
